// !$*UTF8*$!
{
	archiveVersion = 1;
	classes = {
	};
	objectVersion = 50;
	objects = {

/* Begin PBXBuildFile section */
		460A72232238665B003B4C0C /* Item.swift in Sources */ = {isa = PBXBuildFile; fileRef = 460A72222238665B003B4C0C /* Item.swift */; };
		460A72252238666A003B4C0C /* Category.swift in Sources */ = {isa = PBXBuildFile; fileRef = 460A72242238666A003B4C0C /* Category.swift */; };
		460AE5E22224128000EEA289 /* CategoryTableViewController.swift in Sources */ = {isa = PBXBuildFile; fileRef = 460AE5E12224128000EEA289 /* CategoryTableViewController.swift */; };
		46949CC9220FAC2D000C4A0F /* AppDelegate.swift in Sources */ = {isa = PBXBuildFile; fileRef = 46949CC8220FAC2D000C4A0F /* AppDelegate.swift */; };
		46949CCB220FAC2D000C4A0F /* ToDoListViewController.swift in Sources */ = {isa = PBXBuildFile; fileRef = 46949CCA220FAC2D000C4A0F /* ToDoListViewController.swift */; };
		46949CCE220FAC2D000C4A0F /* Main.storyboard in Resources */ = {isa = PBXBuildFile; fileRef = 46949CCC220FAC2D000C4A0F /* Main.storyboard */; };
		46949CD0220FAC2F000C4A0F /* Assets.xcassets in Resources */ = {isa = PBXBuildFile; fileRef = 46949CCF220FAC2F000C4A0F /* Assets.xcassets */; };
		46949CD3220FAC2F000C4A0F /* LaunchScreen.storyboard in Resources */ = {isa = PBXBuildFile; fileRef = 46949CD1220FAC2F000C4A0F /* LaunchScreen.storyboard */; };
		B699EB53E675F4D03D5C4C43 /* Pods_Todoey.framework in Frameworks */ = {isa = PBXBuildFile; fileRef = 706F7A6619E720EAF0420FB3 /* Pods_Todoey.framework */; };
/* End PBXBuildFile section */

/* Begin PBXFileReference section */
		37E21E396FB83C9DED5A8330 /* Pods-Todoey.release.xcconfig */ = {isa = PBXFileReference; includeInIndex = 1; lastKnownFileType = text.xcconfig; name = "Pods-Todoey.release.xcconfig"; path = "Target Support Files/Pods-Todoey/Pods-Todoey.release.xcconfig"; sourceTree = "<group>"; };
		460A72222238665B003B4C0C /* Item.swift */ = {isa = PBXFileReference; lastKnownFileType = sourcecode.swift; path = Item.swift; sourceTree = "<group>"; };
		460A72242238666A003B4C0C /* Category.swift */ = {isa = PBXFileReference; lastKnownFileType = sourcecode.swift; path = Category.swift; sourceTree = "<group>"; };
		460AE5E12224128000EEA289 /* CategoryTableViewController.swift */ = {isa = PBXFileReference; lastKnownFileType = sourcecode.swift; path = CategoryTableViewController.swift; sourceTree = "<group>"; };
		46949CC5220FAC2D000C4A0F /* Todoey.app */ = {isa = PBXFileReference; explicitFileType = wrapper.application; includeInIndex = 0; path = Todoey.app; sourceTree = BUILT_PRODUCTS_DIR; };
		46949CC8220FAC2D000C4A0F /* AppDelegate.swift */ = {isa = PBXFileReference; lastKnownFileType = sourcecode.swift; path = AppDelegate.swift; sourceTree = "<group>"; };
		46949CCA220FAC2D000C4A0F /* ToDoListViewController.swift */ = {isa = PBXFileReference; lastKnownFileType = sourcecode.swift; path = ToDoListViewController.swift; sourceTree = "<group>"; };
		46949CCD220FAC2D000C4A0F /* Base */ = {isa = PBXFileReference; lastKnownFileType = file.storyboard; name = Base; path = Base.lproj/Main.storyboard; sourceTree = "<group>"; };
		46949CCF220FAC2F000C4A0F /* Assets.xcassets */ = {isa = PBXFileReference; lastKnownFileType = folder.assetcatalog; path = Assets.xcassets; sourceTree = "<group>"; };
		46949CD2220FAC2F000C4A0F /* Base */ = {isa = PBXFileReference; lastKnownFileType = file.storyboard; name = Base; path = Base.lproj/LaunchScreen.storyboard; sourceTree = "<group>"; };
		46949CD4220FAC2F000C4A0F /* Info.plist */ = {isa = PBXFileReference; lastKnownFileType = text.plist.xml; path = Info.plist; sourceTree = "<group>"; };
		706F7A6619E720EAF0420FB3 /* Pods_Todoey.framework */ = {isa = PBXFileReference; explicitFileType = wrapper.framework; includeInIndex = 0; path = Pods_Todoey.framework; sourceTree = BUILT_PRODUCTS_DIR; };
		C4CD2A850740C5D198A725DA /* Pods-Todoey.debug.xcconfig */ = {isa = PBXFileReference; includeInIndex = 1; lastKnownFileType = text.xcconfig; name = "Pods-Todoey.debug.xcconfig"; path = "Target Support Files/Pods-Todoey/Pods-Todoey.debug.xcconfig"; sourceTree = "<group>"; };
/* End PBXFileReference section */

/* Begin PBXFrameworksBuildPhase section */
		46949CC2220FAC2D000C4A0F /* Frameworks */ = {
			isa = PBXFrameworksBuildPhase;
			buildActionMask = 2147483647;
			files = (
				B699EB53E675F4D03D5C4C43 /* Pods_Todoey.framework in Frameworks */,
			);
			runOnlyForDeploymentPostprocessing = 0;
		};
/* End PBXFrameworksBuildPhase section */

/* Begin PBXGroup section */
		111762E04F08BBB918E2848E /* Frameworks */ = {
			isa = PBXGroup;
			children = (
				706F7A6619E720EAF0420FB3 /* Pods_Todoey.framework */,
			);
			name = Frameworks;
			sourceTree = "<group>";
		};
		46949CBC220FAC2D000C4A0F = {
			isa = PBXGroup;
			children = (
				46949CC7220FAC2D000C4A0F /* Todoey */,
				46949CC6220FAC2D000C4A0F /* Products */,
				A76CD16F4914FF0113E05A26 /* Pods */,
				111762E04F08BBB918E2848E /* Frameworks */,
			);
			sourceTree = "<group>";
		};
		46949CC6220FAC2D000C4A0F /* Products */ = {
			isa = PBXGroup;
			children = (
				46949CC5220FAC2D000C4A0F /* Todoey.app */,
			);
			name = Products;
			sourceTree = "<group>";
		};
		46949CC7220FAC2D000C4A0F /* Todoey */ = {
			isa = PBXGroup;
			children = (
				46949CC8220FAC2D000C4A0F /* AppDelegate.swift */,
				46BA9567221B6F9D005B25FC /* Controllers */,
				46BA9568221B6FB0005B25FC /* Views */,
				46BA9566221B6F8D005B25FC /* Data Model */,
				46BA9569221B6FDD005B25FC /* Supporting Files */,
				46949CD4220FAC2F000C4A0F /* Info.plist */,
			);
			path = Todoey;
			sourceTree = "<group>";
		};
		46BA9566221B6F8D005B25FC /* Data Model */ = {
			isa = PBXGroup;
			children = (
				460A72222238665B003B4C0C /* Item.swift */,
				460A72242238666A003B4C0C /* Category.swift */,
			);
			path = "Data Model";
			sourceTree = "<group>";
		};
		46BA9567221B6F9D005B25FC /* Controllers */ = {
			isa = PBXGroup;
			children = (
				460AE5E12224128000EEA289 /* CategoryTableViewController.swift */,
				46949CCA220FAC2D000C4A0F /* ToDoListViewController.swift */,
			);
			path = Controllers;
			sourceTree = "<group>";
		};
		46BA9568221B6FB0005B25FC /* Views */ = {
			isa = PBXGroup;
			children = (
				46949CCC220FAC2D000C4A0F /* Main.storyboard */,
			);
			path = Views;
			sourceTree = "<group>";
		};
		46BA9569221B6FDD005B25FC /* Supporting Files */ = {
			isa = PBXGroup;
			children = (
				46949CCF220FAC2F000C4A0F /* Assets.xcassets */,
				46949CD1220FAC2F000C4A0F /* LaunchScreen.storyboard */,
			);
			path = "Supporting Files";
			sourceTree = "<group>";
		};
		A76CD16F4914FF0113E05A26 /* Pods */ = {
			isa = PBXGroup;
			children = (
				C4CD2A850740C5D198A725DA /* Pods-Todoey.debug.xcconfig */,
				37E21E396FB83C9DED5A8330 /* Pods-Todoey.release.xcconfig */,
			);
			path = Pods;
			sourceTree = "<group>";
		};
/* End PBXGroup section */

/* Begin PBXNativeTarget section */
		46949CC4220FAC2D000C4A0F /* Todoey */ = {
			isa = PBXNativeTarget;
			buildConfigurationList = 46949CD7220FAC2F000C4A0F /* Build configuration list for PBXNativeTarget "Todoey" */;
			buildPhases = (
				A82E41C696B168835B01C25D /* [CP] Check Pods Manifest.lock */,
				46949CC1220FAC2D000C4A0F /* Sources */,
				46949CC2220FAC2D000C4A0F /* Frameworks */,
				46949CC3220FAC2D000C4A0F /* Resources */,
				F86949F30BED5AD1CE30EC8D /* [CP] Embed Pods Frameworks */,
			);
			buildRules = (
			);
			dependencies = (
			);
			name = Todoey;
			productName = Todoey;
			productReference = 46949CC5220FAC2D000C4A0F /* Todoey.app */;
			productType = "com.apple.product-type.application";
		};
/* End PBXNativeTarget section */

/* Begin PBXProject section */
		46949CBD220FAC2D000C4A0F /* Project object */ = {
			isa = PBXProject;
			attributes = {
				LastSwiftUpdateCheck = 1010;
				LastUpgradeCheck = 1010;
				ORGANIZATIONNAME = "Igor Chernobai";
				TargetAttributes = {
					46949CC4220FAC2D000C4A0F = {
						CreatedOnToolsVersion = 10.1;
					};
				};
			};
			buildConfigurationList = 46949CC0220FAC2D000C4A0F /* Build configuration list for PBXProject "Todoey" */;
			compatibilityVersion = "Xcode 9.3";
			developmentRegion = en;
			hasScannedForEncodings = 0;
			knownRegions = (
				en,
				Base,
			);
			mainGroup = 46949CBC220FAC2D000C4A0F;
			productRefGroup = 46949CC6220FAC2D000C4A0F /* Products */;
			projectDirPath = "";
			projectRoot = "";
			targets = (
				46949CC4220FAC2D000C4A0F /* Todoey */,
			);
		};
/* End PBXProject section */

/* Begin PBXResourcesBuildPhase section */
		46949CC3220FAC2D000C4A0F /* Resources */ = {
			isa = PBXResourcesBuildPhase;
			buildActionMask = 2147483647;
			files = (
				46949CD3220FAC2F000C4A0F /* LaunchScreen.storyboard in Resources */,
				46949CD0220FAC2F000C4A0F /* Assets.xcassets in Resources */,
				46949CCE220FAC2D000C4A0F /* Main.storyboard in Resources */,
			);
			runOnlyForDeploymentPostprocessing = 0;
		};
/* End PBXResourcesBuildPhase section */

/* Begin PBXShellScriptBuildPhase section */
		A82E41C696B168835B01C25D /* [CP] Check Pods Manifest.lock */ = {
			isa = PBXShellScriptBuildPhase;
			buildActionMask = 2147483647;
			files = (
			);
			inputFileListPaths = (
			);
			inputPaths = (
				"${PODS_PODFILE_DIR_PATH}/Podfile.lock",
				"${PODS_ROOT}/Manifest.lock",
			);
			name = "[CP] Check Pods Manifest.lock";
			outputFileListPaths = (
			);
			outputPaths = (
				"$(DERIVED_FILE_DIR)/Pods-Todoey-checkManifestLockResult.txt",
			);
			runOnlyForDeploymentPostprocessing = 0;
			shellPath = /bin/sh;
			shellScript = "diff \"${PODS_PODFILE_DIR_PATH}/Podfile.lock\" \"${PODS_ROOT}/Manifest.lock\" > /dev/null\nif [ $? != 0 ] ; then\n    # print error to STDERR\n    echo \"error: The sandbox is not in sync with the Podfile.lock. Run 'pod install' or update your CocoaPods installation.\" >&2\n    exit 1\nfi\n# This output is used by Xcode 'outputs' to avoid re-running this script phase.\necho \"SUCCESS\" > \"${SCRIPT_OUTPUT_FILE_0}\"\n";
			showEnvVarsInLog = 0;
		};
		F86949F30BED5AD1CE30EC8D /* [CP] Embed Pods Frameworks */ = {
			isa = PBXShellScriptBuildPhase;
			buildActionMask = 2147483647;
			files = (
			);
			inputFileListPaths = (
			);
			inputPaths = (
				"${PODS_ROOT}/Target Support Files/Pods-Todoey/Pods-Todoey-frameworks.sh",
				"${BUILT_PRODUCTS_DIR}/Realm/Realm.framework",
				"${BUILT_PRODUCTS_DIR}/RealmSwift/RealmSwift.framework",
			);
			name = "[CP] Embed Pods Frameworks";
			outputFileListPaths = (
			);
			outputPaths = (
				"${TARGET_BUILD_DIR}/${FRAMEWORKS_FOLDER_PATH}/Realm.framework",
				"${TARGET_BUILD_DIR}/${FRAMEWORKS_FOLDER_PATH}/RealmSwift.framework",
			);
			runOnlyForDeploymentPostprocessing = 0;
			shellPath = /bin/sh;
			shellScript = "\"${PODS_ROOT}/Target Support Files/Pods-Todoey/Pods-Todoey-frameworks.sh\"\n";
			showEnvVarsInLog = 0;
		};
/* End PBXShellScriptBuildPhase section */

/* Begin PBXSourcesBuildPhase section */
		46949CC1220FAC2D000C4A0F /* Sources */ = {
			isa = PBXSourcesBuildPhase;
			buildActionMask = 2147483647;
			files = (
				460A72232238665B003B4C0C /* Item.swift in Sources */,
				46949CCB220FAC2D000C4A0F /* ToDoListViewController.swift in Sources */,
				46949CC9220FAC2D000C4A0F /* AppDelegate.swift in Sources */,
				460AE5E22224128000EEA289 /* CategoryTableViewController.swift in Sources */,
				460A72252238666A003B4C0C /* Category.swift in Sources */,
			);
			runOnlyForDeploymentPostprocessing = 0;
		};
/* End PBXSourcesBuildPhase section */

/* Begin PBXVariantGroup section */
		46949CCC220FAC2D000C4A0F /* Main.storyboard */ = {
			isa = PBXVariantGroup;
			children = (
				46949CCD220FAC2D000C4A0F /* Base */,
			);
			name = Main.storyboard;
			sourceTree = "<group>";
		};
		46949CD1220FAC2F000C4A0F /* LaunchScreen.storyboard */ = {
			isa = PBXVariantGroup;
			children = (
				46949CD2220FAC2F000C4A0F /* Base */,
			);
			name = LaunchScreen.storyboard;
			sourceTree = "<group>";
		};
/* End PBXVariantGroup section */

/* Begin XCBuildConfiguration section */
		46949CD5220FAC2F000C4A0F /* Debug */ = {
			isa = XCBuildConfiguration;
			buildSettings = {
				ALWAYS_SEARCH_USER_PATHS = NO;
				CLANG_ANALYZER_NONNULL = YES;
				CLANG_ANALYZER_NUMBER_OBJECT_CONVERSION = YES_AGGRESSIVE;
				CLANG_CXX_LANGUAGE_STANDARD = "gnu++14";
				CLANG_CXX_LIBRARY = "libc++";
				CLANG_ENABLE_MODULES = YES;
				CLANG_ENABLE_OBJC_ARC = YES;
				CLANG_ENABLE_OBJC_WEAK = YES;
				CLANG_WARN_BLOCK_CAPTURE_AUTORELEASING = YES;
				CLANG_WARN_BOOL_CONVERSION = YES;
				CLANG_WARN_COMMA = YES;
				CLANG_WARN_CONSTANT_CONVERSION = YES;
				CLANG_WARN_DEPRECATED_OBJC_IMPLEMENTATIONS = YES;
				CLANG_WARN_DIRECT_OBJC_ISA_USAGE = YES_ERROR;
				CLANG_WARN_DOCUMENTATION_COMMENTS = YES;
				CLANG_WARN_EMPTY_BODY = YES;
				CLANG_WARN_ENUM_CONVERSION = YES;
				CLANG_WARN_INFINITE_RECURSION = YES;
				CLANG_WARN_INT_CONVERSION = YES;
				CLANG_WARN_NON_LITERAL_NULL_CONVERSION = YES;
				CLANG_WARN_OBJC_IMPLICIT_RETAIN_SELF = YES;
				CLANG_WARN_OBJC_LITERAL_CONVERSION = YES;
				CLANG_WARN_OBJC_ROOT_CLASS = YES_ERROR;
				CLANG_WARN_RANGE_LOOP_ANALYSIS = YES;
				CLANG_WARN_STRICT_PROTOTYPES = YES;
				CLANG_WARN_SUSPICIOUS_MOVE = YES;
				CLANG_WARN_UNGUARDED_AVAILABILITY = YES_AGGRESSIVE;
				CLANG_WARN_UNREACHABLE_CODE = YES;
				CLANG_WARN__DUPLICATE_METHOD_MATCH = YES;
				CODE_SIGN_IDENTITY = "iPhone Developer";
				COPY_PHASE_STRIP = NO;
				DEBUG_INFORMATION_FORMAT = dwarf;
				ENABLE_STRICT_OBJC_MSGSEND = YES;
				ENABLE_TESTABILITY = YES;
				GCC_C_LANGUAGE_STANDARD = gnu11;
				GCC_DYNAMIC_NO_PIC = NO;
				GCC_NO_COMMON_BLOCKS = YES;
				GCC_OPTIMIZATION_LEVEL = 0;
				GCC_PREPROCESSOR_DEFINITIONS = (
					"DEBUG=1",
					"$(inherited)",
				);
				GCC_WARN_64_TO_32_BIT_CONVERSION = YES;
				GCC_WARN_ABOUT_RETURN_TYPE = YES_ERROR;
				GCC_WARN_UNDECLARED_SELECTOR = YES;
				GCC_WARN_UNINITIALIZED_AUTOS = YES_AGGRESSIVE;
				GCC_WARN_UNUSED_FUNCTION = YES;
				GCC_WARN_UNUSED_VARIABLE = YES;
				IPHONEOS_DEPLOYMENT_TARGET = 12.1;
				MTL_ENABLE_DEBUG_INFO = INCLUDE_SOURCE;
				MTL_FAST_MATH = YES;
				ONLY_ACTIVE_ARCH = YES;
				SDKROOT = iphoneos;
				SWIFT_ACTIVE_COMPILATION_CONDITIONS = DEBUG;
				SWIFT_OPTIMIZATION_LEVEL = "-Onone";
			};
			name = Debug;
		};
		46949CD6220FAC2F000C4A0F /* Release */ = {
			isa = XCBuildConfiguration;
			buildSettings = {
				ALWAYS_SEARCH_USER_PATHS = NO;
				CLANG_ANALYZER_NONNULL = YES;
				CLANG_ANALYZER_NUMBER_OBJECT_CONVERSION = YES_AGGRESSIVE;
				CLANG_CXX_LANGUAGE_STANDARD = "gnu++14";
				CLANG_CXX_LIBRARY = "libc++";
				CLANG_ENABLE_MODULES = YES;
				CLANG_ENABLE_OBJC_ARC = YES;
				CLANG_ENABLE_OBJC_WEAK = YES;
				CLANG_WARN_BLOCK_CAPTURE_AUTORELEASING = YES;
				CLANG_WARN_BOOL_CONVERSION = YES;
				CLANG_WARN_COMMA = YES;
				CLANG_WARN_CONSTANT_CONVERSION = YES;
				CLANG_WARN_DEPRECATED_OBJC_IMPLEMENTATIONS = YES;
				CLANG_WARN_DIRECT_OBJC_ISA_USAGE = YES_ERROR;
				CLANG_WARN_DOCUMENTATION_COMMENTS = YES;
				CLANG_WARN_EMPTY_BODY = YES;
				CLANG_WARN_ENUM_CONVERSION = YES;
				CLANG_WARN_INFINITE_RECURSION = YES;
				CLANG_WARN_INT_CONVERSION = YES;
				CLANG_WARN_NON_LITERAL_NULL_CONVERSION = YES;
				CLANG_WARN_OBJC_IMPLICIT_RETAIN_SELF = YES;
				CLANG_WARN_OBJC_LITERAL_CONVERSION = YES;
				CLANG_WARN_OBJC_ROOT_CLASS = YES_ERROR;
				CLANG_WARN_RANGE_LOOP_ANALYSIS = YES;
				CLANG_WARN_STRICT_PROTOTYPES = YES;
				CLANG_WARN_SUSPICIOUS_MOVE = YES;
				CLANG_WARN_UNGUARDED_AVAILABILITY = YES_AGGRESSIVE;
				CLANG_WARN_UNREACHABLE_CODE = YES;
				CLANG_WARN__DUPLICATE_METHOD_MATCH = YES;
				CODE_SIGN_IDENTITY = "iPhone Developer";
				COPY_PHASE_STRIP = NO;
				DEBUG_INFORMATION_FORMAT = "dwarf-with-dsym";
				ENABLE_NS_ASSERTIONS = NO;
				ENABLE_STRICT_OBJC_MSGSEND = YES;
				GCC_C_LANGUAGE_STANDARD = gnu11;
				GCC_NO_COMMON_BLOCKS = YES;
				GCC_WARN_64_TO_32_BIT_CONVERSION = YES;
				GCC_WARN_ABOUT_RETURN_TYPE = YES_ERROR;
				GCC_WARN_UNDECLARED_SELECTOR = YES;
				GCC_WARN_UNINITIALIZED_AUTOS = YES_AGGRESSIVE;
				GCC_WARN_UNUSED_FUNCTION = YES;
				GCC_WARN_UNUSED_VARIABLE = YES;
				IPHONEOS_DEPLOYMENT_TARGET = 12.1;
				MTL_ENABLE_DEBUG_INFO = NO;
				MTL_FAST_MATH = YES;
				SDKROOT = iphoneos;
				SWIFT_COMPILATION_MODE = wholemodule;
				SWIFT_OPTIMIZATION_LEVEL = "-O";
				VALIDATE_PRODUCT = YES;
			};
			name = Release;
		};
		46949CD8220FAC2F000C4A0F /* Debug */ = {
			isa = XCBuildConfiguration;
			baseConfigurationReference = C4CD2A850740C5D198A725DA /* Pods-Todoey.debug.xcconfig */;
			buildSettings = {
				ASSETCATALOG_COMPILER_APPICON_NAME = AppIcon;
				CODE_SIGN_STYLE = Automatic;
				DEVELOPMENT_TEAM = 3F2Q7FQ47R;
				INFOPLIST_FILE = Todoey/Info.plist;
				LD_RUNPATH_SEARCH_PATHS = (
					"$(inherited)",
					"@executable_path/Frameworks",
				);
				PRODUCT_BUNDLE_IDENTIFIER = IC.Todoey;
				PRODUCT_NAME = "$(TARGET_NAME)";
				SWIFT_VERSION = 4.2;
				TARGETED_DEVICE_FAMILY = "1,2";
			};
			name = Debug;
		};
		46949CD9220FAC2F000C4A0F /* Release */ = {
			isa = XCBuildConfiguration;
			baseConfigurationReference = 37E21E396FB83C9DED5A8330 /* Pods-Todoey.release.xcconfig */;
			buildSettings = {
				ASSETCATALOG_COMPILER_APPICON_NAME = AppIcon;
				CODE_SIGN_STYLE = Automatic;
				DEVELOPMENT_TEAM = 3F2Q7FQ47R;
				INFOPLIST_FILE = Todoey/Info.plist;
				LD_RUNPATH_SEARCH_PATHS = (
					"$(inherited)",
					"@executable_path/Frameworks",
				);
				PRODUCT_BUNDLE_IDENTIFIER = IC.Todoey;
				PRODUCT_NAME = "$(TARGET_NAME)";
				SWIFT_VERSION = 4.2;
				TARGETED_DEVICE_FAMILY = "1,2";
			};
			name = Release;
		};
/* End XCBuildConfiguration section */

/* Begin XCConfigurationList section */
		46949CC0220FAC2D000C4A0F /* Build configuration list for PBXProject "Todoey" */ = {
			isa = XCConfigurationList;
			buildConfigurations = (
				46949CD5220FAC2F000C4A0F /* Debug */,
				46949CD6220FAC2F000C4A0F /* Release */,
			);
			defaultConfigurationIsVisible = 0;
			defaultConfigurationName = Release;
		};
		46949CD7220FAC2F000C4A0F /* Build configuration list for PBXNativeTarget "Todoey" */ = {
			isa = XCConfigurationList;
			buildConfigurations = (
				46949CD8220FAC2F000C4A0F /* Debug */,
				46949CD9220FAC2F000C4A0F /* Release */,
			);
			defaultConfigurationIsVisible = 0;
			defaultConfigurationName = Release;
		};
/* End XCConfigurationList section */
	};
	rootObject = 46949CBD220FAC2D000C4A0F /* Project object */;
}
